
Microsoft Visual Studio Solution File, Format Version 12.00
# Visual Studio Version 17
VisualStudioVersion = 17.13.35931.197 d17.13
MinimumVisualStudioVersion = 10.0.40219.1
Project("{FAE04EC0-301F-11D3-BF4B-00C04F79EFBC}") = "SocketServer1HW", "SocketServer1HW\SocketServer1HW.csproj", "{194F3927-E36B-4C9D-A11F-158D7F37C800}"
EndProject
Project("{FAE04EC0-301F-11D3-BF4B-00C04F79EFBC}") = "SocketClient1HW", "SocketClient1HW\SocketClient1HW.csproj", "{56FEC562-51EE-4F79-9C86-FE3BD4A3548F}"
EndProject
Project("{FAE04EC0-301F-11D3-BF4B-00C04F79EFBC}") = "SocketServer2HW", "SocketServer2HW\SocketServer2HW.csproj", "{27EBA787-E249-41A3-9929-31951B8D224E}"
EndProject
Project("{FAE04EC0-301F-11D3-BF4B-00C04F79EFBC}") = "SocketClient2HW", "SocketClient2HW\SocketClient2HW.csproj", "{AFA7D912-D8E3-4755-93AE-F6244D31F52E}"
EndProject
Project("{FAE04EC0-301F-11D3-BF4B-00C04F79EFBC}") = "Ports3HW", "Ports3HW\Ports3HW.csproj", "{D9D01AFB-2174-4785-BB8D-0FBFCF11FC2D}"
EndProject
Project("{FAE04EC0-301F-11D3-BF4B-00C04F79EFBC}") = "SocketServerAsync1HW", "SocketServerAsync1HW\SocketServerAsync1HW.csproj", "{6C7CEC90-987C-461B-A63A-38ED4597E34E}"
EndProject
Project("{FAE04EC0-301F-11D3-BF4B-00C04F79EFBC}") = "SocketClientAsync1HW", "SocketClientAsync1HW\SocketClientAsync1HW.csproj", "{D3F2B239-5F55-438E-AE75-CEB183AE4B17}"
EndProject
Project("{FAE04EC0-301F-11D3-BF4B-00C04F79EFBC}") = "SocketServerAsync2HW", "SocketServerAsync2HW\SocketServerAsync2HW.csproj", "{DF5F9A7B-378A-4A92-99FF-FCDDD663FD54}"
EndProject
Project("{FAE04EC0-301F-11D3-BF4B-00C04F79EFBC}") = "SocketClientAsync2HW", "SocketClientAsync2HW\SocketClientAsync2HW.csproj", "{D817842D-4DAC-43A3-8449-454A46AB63ED}"
EndProject
Global
	GlobalSection(SolutionConfigurationPlatforms) = preSolution
		Debug|Any CPU = Debug|Any CPU
		Release|Any CPU = Release|Any CPU
	EndGlobalSection
	GlobalSection(ProjectConfigurationPlatforms) = postSolution
		{194F3927-E36B-4C9D-A11F-158D7F37C800}.Debug|Any CPU.ActiveCfg = Debug|Any CPU
		{194F3927-E36B-4C9D-A11F-158D7F37C800}.Debug|Any CPU.Build.0 = Debug|Any CPU
		{194F3927-E36B-4C9D-A11F-158D7F37C800}.Release|Any CPU.ActiveCfg = Release|Any CPU
		{194F3927-E36B-4C9D-A11F-158D7F37C800}.Release|Any CPU.Build.0 = Release|Any CPU
		{56FEC562-51EE-4F79-9C86-FE3BD4A3548F}.Debug|Any CPU.ActiveCfg = Debug|Any CPU
		{56FEC562-51EE-4F79-9C86-FE3BD4A3548F}.Debug|Any CPU.Build.0 = Debug|Any CPU
		{56FEC562-51EE-4F79-9C86-FE3BD4A3548F}.Release|Any CPU.ActiveCfg = Release|Any CPU
		{56FEC562-51EE-4F79-9C86-FE3BD4A3548F}.Release|Any CPU.Build.0 = Release|Any CPU
		{27EBA787-E249-41A3-9929-31951B8D224E}.Debug|Any CPU.ActiveCfg = Debug|Any CPU
		{27EBA787-E249-41A3-9929-31951B8D224E}.Debug|Any CPU.Build.0 = Debug|Any CPU
		{27EBA787-E249-41A3-9929-31951B8D224E}.Release|Any CPU.ActiveCfg = Release|Any CPU
		{27EBA787-E249-41A3-9929-31951B8D224E}.Release|Any CPU.Build.0 = Release|Any CPU
		{AFA7D912-D8E3-4755-93AE-F6244D31F52E}.Debug|Any CPU.ActiveCfg = Debug|Any CPU
		{AFA7D912-D8E3-4755-93AE-F6244D31F52E}.Debug|Any CPU.Build.0 = Debug|Any CPU
		{AFA7D912-D8E3-4755-93AE-F6244D31F52E}.Release|Any CPU.ActiveCfg = Release|Any CPU
		{AFA7D912-D8E3-4755-93AE-F6244D31F52E}.Release|Any CPU.Build.0 = Release|Any CPU
		{D9D01AFB-2174-4785-BB8D-0FBFCF11FC2D}.Debug|Any CPU.ActiveCfg = Debug|Any CPU
		{D9D01AFB-2174-4785-BB8D-0FBFCF11FC2D}.Debug|Any CPU.Build.0 = Debug|Any CPU
		{D9D01AFB-2174-4785-BB8D-0FBFCF11FC2D}.Release|Any CPU.ActiveCfg = Release|Any CPU
		{D9D01AFB-2174-4785-BB8D-0FBFCF11FC2D}.Release|Any CPU.Build.0 = Release|Any CPU
		{6C7CEC90-987C-461B-A63A-38ED4597E34E}.Debug|Any CPU.ActiveCfg = Debug|Any CPU
		{6C7CEC90-987C-461B-A63A-38ED4597E34E}.Debug|Any CPU.Build.0 = Debug|Any CPU
		{6C7CEC90-987C-461B-A63A-38ED4597E34E}.Release|Any CPU.ActiveCfg = Release|Any CPU
		{6C7CEC90-987C-461B-A63A-38ED4597E34E}.Release|Any CPU.Build.0 = Release|Any CPU
		{D3F2B239-5F55-438E-AE75-CEB183AE4B17}.Debug|Any CPU.ActiveCfg = Debug|Any CPU
		{D3F2B239-5F55-438E-AE75-CEB183AE4B17}.Debug|Any CPU.Build.0 = Debug|Any CPU
		{D3F2B239-5F55-438E-AE75-CEB183AE4B17}.Release|Any CPU.ActiveCfg = Release|Any CPU
		{D3F2B239-5F55-438E-AE75-CEB183AE4B17}.Release|Any CPU.Build.0 = Release|Any CPU
		{DF5F9A7B-378A-4A92-99FF-FCDDD663FD54}.Debug|Any CPU.ActiveCfg = Debug|Any CPU
		{DF5F9A7B-378A-4A92-99FF-FCDDD663FD54}.Debug|Any CPU.Build.0 = Debug|Any CPU
		{DF5F9A7B-378A-4A92-99FF-FCDDD663FD54}.Release|Any CPU.ActiveCfg = Release|Any CPU
		{DF5F9A7B-378A-4A92-99FF-FCDDD663FD54}.Release|Any CPU.Build.0 = Release|Any CPU
		{D817842D-4DAC-43A3-8449-454A46AB63ED}.Debug|Any CPU.ActiveCfg = Debug|Any CPU
		{D817842D-4DAC-43A3-8449-454A46AB63ED}.Debug|Any CPU.Build.0 = Debug|Any CPU
		{D817842D-4DAC-43A3-8449-454A46AB63ED}.Release|Any CPU.ActiveCfg = Release|Any CPU
		{D817842D-4DAC-43A3-8449-454A46AB63ED}.Release|Any CPU.Build.0 = Release|Any CPU
	EndGlobalSection
	GlobalSection(SolutionProperties) = preSolution
		HideSolutionNode = FALSE
	EndGlobalSection
	GlobalSection(ExtensibilityGlobals) = postSolution
		SolutionGuid = {0FA2B0E4-BEF2-4512-B674-77B4CA07428E}
	EndGlobalSection
EndGlobal
